
Microsoft Visual Studio Solution File, Format Version 12.00
# Visual Studio 15
VisualStudioVersion = 15.0.26730.16
MinimumVisualStudioVersion = 10.0.40219.1
Project("{FAE04EC0-301F-11D3-BF4B-00C04F79EFBC}") = "AvaloniaToolkit.Sample", "AvaloniaToolkit.Sample\AvaloniaToolkit.Sample.csproj", "{6404607A-FFB3-4F40-9733-90ADF92B60F9}"
EndProject
Project("{FAE04EC0-301F-11D3-BF4B-00C04F79EFBC}") = "AvaloniaToolkit", "AvaloniaToolkit\AvaloniaToolkit.csproj", "{2C632BBE-8C45-46FA-A023-77F736882955}"
EndProject
Global
	GlobalSection(SolutionConfigurationPlatforms) = preSolution
		Debug|Any CPU = Debug|Any CPU
		Release|Any CPU = Release|Any CPU
	EndGlobalSection
	GlobalSection(ProjectConfigurationPlatforms) = postSolution
		{6404607A-FFB3-4F40-9733-90ADF92B60F9}.Debug|Any CPU.ActiveCfg = Debug|Any CPU
		{6404607A-FFB3-4F40-9733-90ADF92B60F9}.Debug|Any CPU.Build.0 = Debug|Any CPU
		{6404607A-FFB3-4F40-9733-90ADF92B60F9}.Release|Any CPU.ActiveCfg = Release|Any CPU
		{6404607A-FFB3-4F40-9733-90ADF92B60F9}.Release|Any CPU.Build.0 = Release|Any CPU
		{2C632BBE-8C45-46FA-A023-77F736882955}.Debug|Any CPU.ActiveCfg = Debug|Any CPU
		{2C632BBE-8C45-46FA-A023-77F736882955}.Debug|Any CPU.Build.0 = Debug|Any CPU
		{2C632BBE-8C45-46FA-A023-77F736882955}.Release|Any CPU.ActiveCfg = Release|Any CPU
		{2C632BBE-8C45-46FA-A023-77F736882955}.Release|Any CPU.Build.0 = Release|Any CPU
	EndGlobalSection
	GlobalSection(SolutionProperties) = preSolution
		HideSolutionNode = FALSE
	EndGlobalSection
	GlobalSection(ExtensibilityGlobals) = postSolution
		SolutionGuid = {B867F1E7-506D-4C5A-8C82-FC4278CCD641}
	EndGlobalSection
EndGlobal
